
Microsoft Visual Studio Solution File, Format Version 12.00
# Visual Studio Version 17
VisualStudioVersion = 17.11.35303.130
MinimumVisualStudioVersion = 10.0.40219.1
Project("{9A19103F-16F7-4668-BE54-9A1E7A4F7556}") = "MBS.API", "MBS.API\MBS.API.csproj", "{4C5B4857-8CCF-468B-AD56-71F88BB32041}"
EndProject
Project("{9A19103F-16F7-4668-BE54-9A1E7A4F7556}") = "MBS.Application", "MBS.Application\MBS.Application.csproj", "{2D967021-4CF4-4545-8FD2-5F5380CD60E2}"
EndProject
Project("{9A19103F-16F7-4668-BE54-9A1E7A4F7556}") = "MBS.DataAccess", "MBS.DataAccess\MBS.DataAccess.csproj", "{21A3F8DC-CBE7-4F30-9DBE-C5F96020A5AA}"
EndProject
Project("{9A19103F-16F7-4668-BE54-9A1E7A4F7556}") = "MBS.Core", "MBS.Core\MBS.Core.csproj", "{283E419B-B525-4483-A3E8-8B64EC61557E}"
EndProject
Project("{9A19103F-16F7-4668-BE54-9A1E7A4F7556}") = "MBS.Shared", "MBS.Shared\MBS.Shared.csproj", "{4F984DC9-2976-4124-AF10-DD3DCCBE69E0}"
EndProject
Global
	GlobalSection(SolutionConfigurationPlatforms) = preSolution
		Debug|Any CPU = Debug|Any CPU
		Release|Any CPU = Release|Any CPU
	EndGlobalSection
	GlobalSection(ProjectConfigurationPlatforms) = postSolution
		{4C5B4857-8CCF-468B-AD56-71F88BB32041}.Debug|Any CPU.ActiveCfg = Debug|Any CPU
		{4C5B4857-8CCF-468B-AD56-71F88BB32041}.Debug|Any CPU.Build.0 = Debug|Any CPU
		{4C5B4857-8CCF-468B-AD56-71F88BB32041}.Release|Any CPU.ActiveCfg = Release|Any CPU
		{4C5B4857-8CCF-468B-AD56-71F88BB32041}.Release|Any CPU.Build.0 = Release|Any CPU
		{2D967021-4CF4-4545-8FD2-5F5380CD60E2}.Debug|Any CPU.ActiveCfg = Debug|Any CPU
		{2D967021-4CF4-4545-8FD2-5F5380CD60E2}.Debug|Any CPU.Build.0 = Debug|Any CPU
		{2D967021-4CF4-4545-8FD2-5F5380CD60E2}.Release|Any CPU.ActiveCfg = Release|Any CPU
		{2D967021-4CF4-4545-8FD2-5F5380CD60E2}.Release|Any CPU.Build.0 = Release|Any CPU
		{21A3F8DC-CBE7-4F30-9DBE-C5F96020A5AA}.Debug|Any CPU.ActiveCfg = Debug|Any CPU
		{21A3F8DC-CBE7-4F30-9DBE-C5F96020A5AA}.Debug|Any CPU.Build.0 = Debug|Any CPU
		{21A3F8DC-CBE7-4F30-9DBE-C5F96020A5AA}.Release|Any CPU.ActiveCfg = Release|Any CPU
		{21A3F8DC-CBE7-4F30-9DBE-C5F96020A5AA}.Release|Any CPU.Build.0 = Release|Any CPU
		{283E419B-B525-4483-A3E8-8B64EC61557E}.Debug|Any CPU.ActiveCfg = Debug|Any CPU
		{283E419B-B525-4483-A3E8-8B64EC61557E}.Debug|Any CPU.Build.0 = Debug|Any CPU
		{283E419B-B525-4483-A3E8-8B64EC61557E}.Release|Any CPU.ActiveCfg = Release|Any CPU
		{283E419B-B525-4483-A3E8-8B64EC61557E}.Release|Any CPU.Build.0 = Release|Any CPU
		{4F984DC9-2976-4124-AF10-DD3DCCBE69E0}.Debug|Any CPU.ActiveCfg = Debug|Any CPU
		{4F984DC9-2976-4124-AF10-DD3DCCBE69E0}.Debug|Any CPU.Build.0 = Debug|Any CPU
		{4F984DC9-2976-4124-AF10-DD3DCCBE69E0}.Release|Any CPU.ActiveCfg = Release|Any CPU
		{4F984DC9-2976-4124-AF10-DD3DCCBE69E0}.Release|Any CPU.Build.0 = Release|Any CPU
	EndGlobalSection
	GlobalSection(SolutionProperties) = preSolution
		HideSolutionNode = FALSE
	EndGlobalSection
	GlobalSection(ExtensibilityGlobals) = postSolution
		SolutionGuid = {C39829EE-89F5-4416-A59B-D08857937800}
	EndGlobalSection
EndGlobal
